github.com/sun20181102/test1 v0.0.0-20210919151045-b59daa09a26e h1:o7Oc/wTMH6tO0JGVn1e1KqV3ON9a7Ry9MwW3AoPyWSo=
github.com/sun20181102/test1 v0.0.0-20210919151045-b59daa09a26e/go.mod h1:tuEZuBWZhNDWscZMqzBa0NX9AibtHK15tTEJyVg3YA8=
github.com/sun20181102/test1 v0.0.1 h1:KdO45D1Z9QIXSJDUZjCpLxA1AxVxUUJVbaVhuq+fyh0=
github.com/sun20181102/test1 v0.0.1/go.mod h1:tuEZuBWZhNDWscZMqzBa0NX9AibtHK15tTEJyVg3YA8=
